
Microsoft Visual Studio Solution File, Format Version 12.00
# Visual Studio Version 16
VisualStudioVersion = 16.0.29609.76
MinimumVisualStudioVersion = 10.0.40219.1
Project("{FAE04EC0-301F-11D3-BF4B-00C04F79EFBC}") = "Multiplayer.Core", "Multiplayer.Core\Multiplayer.Core.csproj", "{13F254D3-469C-4D57-BB72-7D8E881A8C64}"
EndProject
Project("{FAE04EC0-301F-11D3-BF4B-00C04F79EFBC}") = "Multiplayer.Debugging", "Multiplayer.Debugging\Multiplayer.Debugging.csproj", "{3BA2B696-5228-429F-8FFF-FBF6CA7A5303}"
EndProject
Project("{FAE04EC0-301F-11D3-BF4B-00C04F79EFBC}") = "Multiplayer.Extensions", "Multiplayer.Extensions\Multiplayer.Extensions.csproj", "{816FE3F3-50EF-44A7-A54A-F2EE0346E9F8}"
EndProject
Project("{FAE04EC0-301F-11D3-BF4B-00C04F79EFBC}") = "Multiplayer.Networking", "Multiplayer.Networking\Multiplayer.Networking.csproj", "{19CD273F-A601-45ED-AB6D-6E61F47A074C}"
EndProject
Project("{2150E333-8FDC-42A3-9474-1A3956D46DE8}") = "Test", "Test", "{F6DAFE06-4C3F-413E-BD60-C0D1F11D37C5}"
EndProject
Project("{9A19103F-16F7-4668-BE54-9A1E7A4F7556}") = "Multiplayer.Networking.Test", "Multiplayer.Networking.Test\Multiplayer.Networking.Test.csproj", "{1B4A9A9F-00CD-4EEF-AC1A-09E0CD73B706}"
EndProject
Project("{2150E333-8FDC-42A3-9474-1A3956D46DE8}") = "Source", "Source", "{759A2496-5BF7-4FE1-B6EF-B13656B6E0F0}"
EndProject
Project("{FAE04EC0-301F-11D3-BF4B-00C04F79EFBC}") = "Multiplayer.Shared", "Multiplayer.Shared\Multiplayer.Shared.csproj", "{9DF5CA61-BCA1-47A5-A99F-559F91458F10}"
EndProject
Global
	GlobalSection(SolutionConfigurationPlatforms) = preSolution
		Debug|Any CPU = Debug|Any CPU
		Release|Any CPU = Release|Any CPU
		UNIT_TEST|Any CPU = UNIT_TEST|Any CPU
	EndGlobalSection
	GlobalSection(ProjectConfigurationPlatforms) = postSolution
		{13F254D3-469C-4D57-BB72-7D8E881A8C64}.Debug|Any CPU.ActiveCfg = Debug|Any CPU
		{13F254D3-469C-4D57-BB72-7D8E881A8C64}.Debug|Any CPU.Build.0 = Debug|Any CPU
		{13F254D3-469C-4D57-BB72-7D8E881A8C64}.Release|Any CPU.ActiveCfg = Release|Any CPU
		{13F254D3-469C-4D57-BB72-7D8E881A8C64}.Release|Any CPU.Build.0 = Release|Any CPU
		{13F254D3-469C-4D57-BB72-7D8E881A8C64}.UNIT_TEST|Any CPU.ActiveCfg = Release|Any CPU
		{3BA2B696-5228-429F-8FFF-FBF6CA7A5303}.Debug|Any CPU.ActiveCfg = Debug|Any CPU
		{3BA2B696-5228-429F-8FFF-FBF6CA7A5303}.Debug|Any CPU.Build.0 = Debug|Any CPU
		{3BA2B696-5228-429F-8FFF-FBF6CA7A5303}.Release|Any CPU.ActiveCfg = Release|Any CPU
		{3BA2B696-5228-429F-8FFF-FBF6CA7A5303}.Release|Any CPU.Build.0 = Release|Any CPU
		{3BA2B696-5228-429F-8FFF-FBF6CA7A5303}.UNIT_TEST|Any CPU.ActiveCfg = Debug|Any CPU
		{3BA2B696-5228-429F-8FFF-FBF6CA7A5303}.UNIT_TEST|Any CPU.Build.0 = Debug|Any CPU
		{816FE3F3-50EF-44A7-A54A-F2EE0346E9F8}.Debug|Any CPU.ActiveCfg = Debug|Any CPU
		{816FE3F3-50EF-44A7-A54A-F2EE0346E9F8}.Debug|Any CPU.Build.0 = Debug|Any CPU
		{816FE3F3-50EF-44A7-A54A-F2EE0346E9F8}.Release|Any CPU.ActiveCfg = Release|Any CPU
		{816FE3F3-50EF-44A7-A54A-F2EE0346E9F8}.Release|Any CPU.Build.0 = Release|Any CPU
		{816FE3F3-50EF-44A7-A54A-F2EE0346E9F8}.UNIT_TEST|Any CPU.ActiveCfg = Debug|Any CPU
		{816FE3F3-50EF-44A7-A54A-F2EE0346E9F8}.UNIT_TEST|Any CPU.Build.0 = Debug|Any CPU
		{19CD273F-A601-45ED-AB6D-6E61F47A074C}.Debug|Any CPU.ActiveCfg = Debug|Any CPU
		{19CD273F-A601-45ED-AB6D-6E61F47A074C}.Debug|Any CPU.Build.0 = Debug|Any CPU
		{19CD273F-A601-45ED-AB6D-6E61F47A074C}.Release|Any CPU.ActiveCfg = Release|Any CPU
		{19CD273F-A601-45ED-AB6D-6E61F47A074C}.Release|Any CPU.Build.0 = Release|Any CPU
		{19CD273F-A601-45ED-AB6D-6E61F47A074C}.UNIT_TEST|Any CPU.ActiveCfg = UNIT_TEST|Any CPU
		{19CD273F-A601-45ED-AB6D-6E61F47A074C}.UNIT_TEST|Any CPU.Build.0 = UNIT_TEST|Any CPU
		{1B4A9A9F-00CD-4EEF-AC1A-09E0CD73B706}.Debug|Any CPU.ActiveCfg = Debug|Any CPU
		{1B4A9A9F-00CD-4EEF-AC1A-09E0CD73B706}.Debug|Any CPU.Build.0 = Debug|Any CPU
		{1B4A9A9F-00CD-4EEF-AC1A-09E0CD73B706}.Release|Any CPU.ActiveCfg = Release|Any CPU
		{1B4A9A9F-00CD-4EEF-AC1A-09E0CD73B706}.Release|Any CPU.Build.0 = Release|Any CPU
		{1B4A9A9F-00CD-4EEF-AC1A-09E0CD73B706}.UNIT_TEST|Any CPU.ActiveCfg = Debug|Any CPU
		{1B4A9A9F-00CD-4EEF-AC1A-09E0CD73B706}.UNIT_TEST|Any CPU.Build.0 = Debug|Any CPU
		{9DF5CA61-BCA1-47A5-A99F-559F91458F10}.Debug|Any CPU.ActiveCfg = Debug|Any CPU
		{9DF5CA61-BCA1-47A5-A99F-559F91458F10}.Debug|Any CPU.Build.0 = Debug|Any CPU
		{9DF5CA61-BCA1-47A5-A99F-559F91458F10}.Release|Any CPU.ActiveCfg = Release|Any CPU
		{9DF5CA61-BCA1-47A5-A99F-559F91458F10}.Release|Any CPU.Build.0 = Release|Any CPU
		{9DF5CA61-BCA1-47A5-A99F-559F91458F10}.UNIT_TEST|Any CPU.ActiveCfg = Debug|Any CPU
		{9DF5CA61-BCA1-47A5-A99F-559F91458F10}.UNIT_TEST|Any CPU.Build.0 = Debug|Any CPU
	EndGlobalSection
	GlobalSection(SolutionProperties) = preSolution
		HideSolutionNode = FALSE
	EndGlobalSection
	GlobalSection(NestedProjects) = preSolution
		{13F254D3-469C-4D57-BB72-7D8E881A8C64} = {759A2496-5BF7-4FE1-B6EF-B13656B6E0F0}
		{3BA2B696-5228-429F-8FFF-FBF6CA7A5303} = {759A2496-5BF7-4FE1-B6EF-B13656B6E0F0}
		{816FE3F3-50EF-44A7-A54A-F2EE0346E9F8} = {759A2496-5BF7-4FE1-B6EF-B13656B6E0F0}
		{19CD273F-A601-45ED-AB6D-6E61F47A074C} = {759A2496-5BF7-4FE1-B6EF-B13656B6E0F0}
		{1B4A9A9F-00CD-4EEF-AC1A-09E0CD73B706} = {F6DAFE06-4C3F-413E-BD60-C0D1F11D37C5}
		{9DF5CA61-BCA1-47A5-A99F-559F91458F10} = {759A2496-5BF7-4FE1-B6EF-B13656B6E0F0}
	EndGlobalSection
	GlobalSection(ExtensibilityGlobals) = postSolution
		SolutionGuid = {94CED7EE-2A12-4D13-8C7B-985FA62B3630}
	EndGlobalSection
EndGlobal
