
Microsoft Visual Studio Solution File, Format Version 12.00
# Visual Studio Version 16
VisualStudioVersion = 16.0.29609.76
MinimumVisualStudioVersion = 10.0.40219.1
Project("{FAE04EC0-301F-11D3-BF4B-00C04F79EFBC}") = "Multiplayer.Core", "Multiplayer.Core\Multiplayer.Core.csproj", "{13F254D3-469C-4D57-BB72-7D8E881A8C64}"
EndProject
Project("{FAE04EC0-301F-11D3-BF4B-00C04F79EFBC}") = "Multiplayer.Debugging", "Multiplayer.Debugging\Multiplayer.Debugging.csproj", "{3BA2B696-5228-429F-8FFF-FBF6CA7A5303}"
EndProject
Project("{FAE04EC0-301F-11D3-BF4B-00C04F79EFBC}") = "Multiplayer.Extensions", "Multiplayer.Extensions\Multiplayer.Extensions.csproj", "{816FE3F3-50EF-44A7-A54A-F2EE0346E9F8}"
EndProject
Project("{FAE04EC0-301F-11D3-BF4B-00C04F79EFBC}") = "Multiplayer.Networking", "Multiplayer.Networking\Multiplayer.Networking.csproj", "{19CD273F-A601-45ED-AB6D-6E61F47A074C}"
EndProject
Project("{FAE04EC0-301F-11D3-BF4B-00C04F79EFBC}") = "Multiplayer.Settings", "Multiplayer.Settings\Multiplayer.Settings.csproj", "{EBE0B054-99C1-4CC2-B5B0-A4F441FD980B}"
EndProject
Global
	GlobalSection(SolutionConfigurationPlatforms) = preSolution
		Debug|Any CPU = Debug|Any CPU
		Release|Any CPU = Release|Any CPU
	EndGlobalSection
	GlobalSection(ProjectConfigurationPlatforms) = postSolution
		{13F254D3-469C-4D57-BB72-7D8E881A8C64}.Debug|Any CPU.ActiveCfg = Debug|Any CPU
		{13F254D3-469C-4D57-BB72-7D8E881A8C64}.Debug|Any CPU.Build.0 = Debug|Any CPU
		{13F254D3-469C-4D57-BB72-7D8E881A8C64}.Release|Any CPU.ActiveCfg = Release|Any CPU
		{13F254D3-469C-4D57-BB72-7D8E881A8C64}.Release|Any CPU.Build.0 = Release|Any CPU
		{3BA2B696-5228-429F-8FFF-FBF6CA7A5303}.Debug|Any CPU.ActiveCfg = Debug|Any CPU
		{3BA2B696-5228-429F-8FFF-FBF6CA7A5303}.Debug|Any CPU.Build.0 = Debug|Any CPU
		{3BA2B696-5228-429F-8FFF-FBF6CA7A5303}.Release|Any CPU.ActiveCfg = Release|Any CPU
		{3BA2B696-5228-429F-8FFF-FBF6CA7A5303}.Release|Any CPU.Build.0 = Release|Any CPU
		{816FE3F3-50EF-44A7-A54A-F2EE0346E9F8}.Debug|Any CPU.ActiveCfg = Debug|Any CPU
		{816FE3F3-50EF-44A7-A54A-F2EE0346E9F8}.Debug|Any CPU.Build.0 = Debug|Any CPU
		{816FE3F3-50EF-44A7-A54A-F2EE0346E9F8}.Release|Any CPU.ActiveCfg = Release|Any CPU
		{816FE3F3-50EF-44A7-A54A-F2EE0346E9F8}.Release|Any CPU.Build.0 = Release|Any CPU
		{19CD273F-A601-45ED-AB6D-6E61F47A074C}.Debug|Any CPU.ActiveCfg = Debug|Any CPU
		{19CD273F-A601-45ED-AB6D-6E61F47A074C}.Debug|Any CPU.Build.0 = Debug|Any CPU
		{19CD273F-A601-45ED-AB6D-6E61F47A074C}.Release|Any CPU.ActiveCfg = Release|Any CPU
		{19CD273F-A601-45ED-AB6D-6E61F47A074C}.Release|Any CPU.Build.0 = Release|Any CPU
		{EBE0B054-99C1-4CC2-B5B0-A4F441FD980B}.Debug|Any CPU.ActiveCfg = Debug|Any CPU
		{EBE0B054-99C1-4CC2-B5B0-A4F441FD980B}.Debug|Any CPU.Build.0 = Debug|Any CPU
		{EBE0B054-99C1-4CC2-B5B0-A4F441FD980B}.Release|Any CPU.ActiveCfg = Release|Any CPU
		{EBE0B054-99C1-4CC2-B5B0-A4F441FD980B}.Release|Any CPU.Build.0 = Release|Any CPU
	EndGlobalSection
	GlobalSection(SolutionProperties) = preSolution
		HideSolutionNode = FALSE
	EndGlobalSection
	GlobalSection(ExtensibilityGlobals) = postSolution
		SolutionGuid = {94CED7EE-2A12-4D13-8C7B-985FA62B3630}
	EndGlobalSection
EndGlobal
